
Microsoft Visual Studio Solution File, Format Version 12.00
# Visual Studio Version 16
VisualStudioVersion = 16.0.31005.135
MinimumVisualStudioVersion = 10.0.40219.1
Project("{8BC9CEB8-8B4A-11D0-8D11-00A0C91BC942}") = "SW기초 0323", "SW기초 모음\SW기초 모음.vcxproj", "{87C2E646-78E4-4F77-90DC-4EB43576977B}"
EndProject
Project("{8BC9CEB8-8B4A-11D0-8D11-00A0C91BC942}") = "SW기초 0311", "SW기초 3011\SW기초 3011.vcxproj", "{32268E7B-6F1D-49BC-AB36-5146D98781DE}"
EndProject
Project("{8BC9CEB8-8B4A-11D0-8D11-00A0C91BC942}") = "SW기초 0316", "SW기초 3016\SW기초 3016.vcxproj", "{ACBE0BB0-F787-48F0-8206-0FFBD6C6ED33}"
EndProject
Project("{8BC9CEB8-8B4A-11D0-8D11-00A0C91BC942}") = "SW기초 0318", "SW기초 3018\SW기초 3018.vcxproj", "{AF590859-2AE9-4B12-84B0-B0D3D3DAB493}"
EndProject
Project("{8BC9CEB8-8B4A-11D0-8D11-00A0C91BC942}") = "SW기초 HW", "SW기초 HW\SW기초 HW.vcxproj", "{49486CC2-795B-4B18-8302-36B921828125}"
EndProject
Project("{8BC9CEB8-8B4A-11D0-8D11-00A0C91BC942}") = "SW기초 0325", "SW기초 0325\SW기초 0325.vcxproj", "{A126F136-6D1D-43BA-9D3E-ADFE296392FA}"
EndProject
Project("{8BC9CEB8-8B4A-11D0-8D11-00A0C91BC942}") = "SW기초 0330", "SW기초 0330\SW기초 0330.vcxproj", "{7A9AF419-F47A-41BE-A26B-603658A59AF1}"
EndProject
Project("{8BC9CEB8-8B4A-11D0-8D11-00A0C91BC942}") = "SW기초 0401", "SW기초 0401\SW기초 0401.vcxproj", "{F71D3EC8-82B3-4769-9B36-8B1D13FAE5A2}"
EndProject
Project("{8BC9CEB8-8B4A-11D0-8D11-00A0C91BC942}") = "SW기초 0406", "SW기초 0406\SW기초 0406.vcxproj", "{7608B4EA-48E1-4266-8438-CB96E3F37FD8}"
EndProject
Project("{8BC9CEB8-8B4A-11D0-8D11-00A0C91BC942}") = "SW기초 0408", "SW기초 0408\SW기초 0408.vcxproj", "{A34E6A9F-8728-44D9-B7C8-A23D0983CEC3}"
EndProject
Project("{8BC9CEB8-8B4A-11D0-8D11-00A0C91BC942}") = "SW기초 LAB 연습1", "SW기초 LAB 연습1\SW기초 LAB 연습1.vcxproj", "{899ED126-B114-45DC-9F12-ACA8B93F1131}"
EndProject
Project("{8BC9CEB8-8B4A-11D0-8D11-00A0C91BC942}") = "SW기초 LAB연습2", "SW기초 LAB연습2\SW기초 LAB연습2.vcxproj", "{47A947E5-D544-453C-A8A5-5E79F11C6C94}"
EndProject
Project("{8BC9CEB8-8B4A-11D0-8D11-00A0C91BC942}") = "SW기초 0427", "SW기초 0427\SW기초 0427.vcxproj", "{79818812-0F98-4022-8C92-E937E98E8C58}"
EndProject
Project("{8BC9CEB8-8B4A-11D0-8D11-00A0C91BC942}") = "SW기초 0429", "0429\0429.vcxproj", "{5BE542E2-52ED-4FF2-8244-9DEB056F0E79}"
EndProject
Project("{8BC9CEB8-8B4A-11D0-8D11-00A0C91BC942}") = "SW기초 0504", "SW기초 0504\SW기초 0504.vcxproj", "{5BE7E3E4-1839-4393-A00D-251DA0EB4D27}"
EndProject
Project("{8BC9CEB8-8B4A-11D0-8D11-00A0C91BC942}") = "SW기초 0506", "SW기초 0506\SW기초 0506.vcxproj", "{B44B3168-6BAD-485E-9A65-B40E7B39F6A4}"
EndProject
Project("{8BC9CEB8-8B4A-11D0-8D11-00A0C91BC942}") = "SW기초 0511", "0511\0511.vcxproj", "{0B8E9684-00B0-4AAD-B7F7-B11A7E31D823}"
EndProject
Project("{8BC9CEB8-8B4A-11D0-8D11-00A0C91BC942}") = "SW기초 0513", "SW기초 0513\SW기초 0513.vcxproj", "{058DE17F-F5C0-4BAB-8B12-374270D32E7F}"
EndProject
Project("{8BC9CEB8-8B4A-11D0-8D11-00A0C91BC942}") = "SW기초 0518", "SW기초 0518\SW기초 0518.vcxproj", "{BBE24BDA-A2BE-462B-A57E-E16614BD454B}"
EndProject
Project("{8BC9CEB8-8B4A-11D0-8D11-00A0C91BC942}") = "SW기초 0520", "SW기초 0520\SW기초 0520.vcxproj", "{4BA64B87-0FFE-497A-9CD1-C6EA17ACCF58}"
EndProject
Project("{8BC9CEB8-8B4A-11D0-8D11-00A0C91BC942}") = "SW기초 0525", "SW기초 0525\SW기초 0525.vcxproj", "{E261D159-13BE-4152-8CDB-B73A2EA914F9}"
EndProject
Project("{8BC9CEB8-8B4A-11D0-8D11-00A0C91BC942}") = "SW기초 0527", "SW기초 0527\SW기초 0527.vcxproj", "{DE3E8A94-8876-4749-BCF3-4D641E72E9F2}"
EndProject
Project("{8BC9CEB8-8B4A-11D0-8D11-00A0C91BC942}") = "SW기초 0601", "SW기초 0601\SW기초 0601.vcxproj", "{70A392D1-6145-42B1-AAE4-8C73B64CCE21}"
EndProject
Global
	GlobalSection(SolutionConfigurationPlatforms) = preSolution
		Debug|x64 = Debug|x64
		Debug|x86 = Debug|x86
		Release|x64 = Release|x64
		Release|x86 = Release|x86
	EndGlobalSection
	GlobalSection(ProjectConfigurationPlatforms) = postSolution
		{87C2E646-78E4-4F77-90DC-4EB43576977B}.Debug|x64.ActiveCfg = Debug|x64
		{87C2E646-78E4-4F77-90DC-4EB43576977B}.Debug|x64.Build.0 = Debug|x64
		{87C2E646-78E4-4F77-90DC-4EB43576977B}.Debug|x86.ActiveCfg = Debug|Win32
		{87C2E646-78E4-4F77-90DC-4EB43576977B}.Debug|x86.Build.0 = Debug|Win32
		{87C2E646-78E4-4F77-90DC-4EB43576977B}.Release|x64.ActiveCfg = Release|x64
		{87C2E646-78E4-4F77-90DC-4EB43576977B}.Release|x64.Build.0 = Release|x64
		{87C2E646-78E4-4F77-90DC-4EB43576977B}.Release|x86.ActiveCfg = Release|Win32
		{87C2E646-78E4-4F77-90DC-4EB43576977B}.Release|x86.Build.0 = Release|Win32
		{32268E7B-6F1D-49BC-AB36-5146D98781DE}.Debug|x64.ActiveCfg = Debug|x64
		{32268E7B-6F1D-49BC-AB36-5146D98781DE}.Debug|x64.Build.0 = Debug|x64
		{32268E7B-6F1D-49BC-AB36-5146D98781DE}.Debug|x86.ActiveCfg = Debug|Win32
		{32268E7B-6F1D-49BC-AB36-5146D98781DE}.Debug|x86.Build.0 = Debug|Win32
		{32268E7B-6F1D-49BC-AB36-5146D98781DE}.Release|x64.ActiveCfg = Release|x64
		{32268E7B-6F1D-49BC-AB36-5146D98781DE}.Release|x64.Build.0 = Release|x64
		{32268E7B-6F1D-49BC-AB36-5146D98781DE}.Release|x86.ActiveCfg = Release|Win32
		{32268E7B-6F1D-49BC-AB36-5146D98781DE}.Release|x86.Build.0 = Release|Win32
		{ACBE0BB0-F787-48F0-8206-0FFBD6C6ED33}.Debug|x64.ActiveCfg = Debug|x64
		{ACBE0BB0-F787-48F0-8206-0FFBD6C6ED33}.Debug|x64.Build.0 = Debug|x64
		{ACBE0BB0-F787-48F0-8206-0FFBD6C6ED33}.Debug|x86.ActiveCfg = Debug|Win32
		{ACBE0BB0-F787-48F0-8206-0FFBD6C6ED33}.Debug|x86.Build.0 = Debug|Win32
		{ACBE0BB0-F787-48F0-8206-0FFBD6C6ED33}.Release|x64.ActiveCfg = Release|x64
		{ACBE0BB0-F787-48F0-8206-0FFBD6C6ED33}.Release|x64.Build.0 = Release|x64
		{ACBE0BB0-F787-48F0-8206-0FFBD6C6ED33}.Release|x86.ActiveCfg = Release|Win32
		{ACBE0BB0-F787-48F0-8206-0FFBD6C6ED33}.Release|x86.Build.0 = Release|Win32
		{AF590859-2AE9-4B12-84B0-B0D3D3DAB493}.Debug|x64.ActiveCfg = Debug|x64
		{AF590859-2AE9-4B12-84B0-B0D3D3DAB493}.Debug|x64.Build.0 = Debug|x64
		{AF590859-2AE9-4B12-84B0-B0D3D3DAB493}.Debug|x86.ActiveCfg = Debug|Win32
		{AF590859-2AE9-4B12-84B0-B0D3D3DAB493}.Debug|x86.Build.0 = Debug|Win32
		{AF590859-2AE9-4B12-84B0-B0D3D3DAB493}.Release|x64.ActiveCfg = Release|x64
		{AF590859-2AE9-4B12-84B0-B0D3D3DAB493}.Release|x64.Build.0 = Release|x64
		{AF590859-2AE9-4B12-84B0-B0D3D3DAB493}.Release|x86.ActiveCfg = Release|Win32
		{AF590859-2AE9-4B12-84B0-B0D3D3DAB493}.Release|x86.Build.0 = Release|Win32
		{49486CC2-795B-4B18-8302-36B921828125}.Debug|x64.ActiveCfg = Debug|x64
		{49486CC2-795B-4B18-8302-36B921828125}.Debug|x64.Build.0 = Debug|x64
		{49486CC2-795B-4B18-8302-36B921828125}.Debug|x86.ActiveCfg = Debug|Win32
		{49486CC2-795B-4B18-8302-36B921828125}.Debug|x86.Build.0 = Debug|Win32
		{49486CC2-795B-4B18-8302-36B921828125}.Release|x64.ActiveCfg = Release|x64
		{49486CC2-795B-4B18-8302-36B921828125}.Release|x64.Build.0 = Release|x64
		{49486CC2-795B-4B18-8302-36B921828125}.Release|x86.ActiveCfg = Release|Win32
		{49486CC2-795B-4B18-8302-36B921828125}.Release|x86.Build.0 = Release|Win32
		{A126F136-6D1D-43BA-9D3E-ADFE296392FA}.Debug|x64.ActiveCfg = Debug|x64
		{A126F136-6D1D-43BA-9D3E-ADFE296392FA}.Debug|x64.Build.0 = Debug|x64
		{A126F136-6D1D-43BA-9D3E-ADFE296392FA}.Debug|x86.ActiveCfg = Debug|Win32
		{A126F136-6D1D-43BA-9D3E-ADFE296392FA}.Debug|x86.Build.0 = Debug|Win32
		{A126F136-6D1D-43BA-9D3E-ADFE296392FA}.Release|x64.ActiveCfg = Release|x64
		{A126F136-6D1D-43BA-9D3E-ADFE296392FA}.Release|x64.Build.0 = Release|x64
		{A126F136-6D1D-43BA-9D3E-ADFE296392FA}.Release|x86.ActiveCfg = Release|Win32
		{A126F136-6D1D-43BA-9D3E-ADFE296392FA}.Release|x86.Build.0 = Release|Win32
		{7A9AF419-F47A-41BE-A26B-603658A59AF1}.Debug|x64.ActiveCfg = Debug|x64
		{7A9AF419-F47A-41BE-A26B-603658A59AF1}.Debug|x64.Build.0 = Debug|x64
		{7A9AF419-F47A-41BE-A26B-603658A59AF1}.Debug|x86.ActiveCfg = Debug|Win32
		{7A9AF419-F47A-41BE-A26B-603658A59AF1}.Debug|x86.Build.0 = Debug|Win32
		{7A9AF419-F47A-41BE-A26B-603658A59AF1}.Release|x64.ActiveCfg = Release|x64
		{7A9AF419-F47A-41BE-A26B-603658A59AF1}.Release|x64.Build.0 = Release|x64
		{7A9AF419-F47A-41BE-A26B-603658A59AF1}.Release|x86.ActiveCfg = Release|Win32
		{7A9AF419-F47A-41BE-A26B-603658A59AF1}.Release|x86.Build.0 = Release|Win32
		{F71D3EC8-82B3-4769-9B36-8B1D13FAE5A2}.Debug|x64.ActiveCfg = Debug|x64
		{F71D3EC8-82B3-4769-9B36-8B1D13FAE5A2}.Debug|x64.Build.0 = Debug|x64
		{F71D3EC8-82B3-4769-9B36-8B1D13FAE5A2}.Debug|x86.ActiveCfg = Debug|Win32
		{F71D3EC8-82B3-4769-9B36-8B1D13FAE5A2}.Debug|x86.Build.0 = Debug|Win32
		{F71D3EC8-82B3-4769-9B36-8B1D13FAE5A2}.Release|x64.ActiveCfg = Release|x64
		{F71D3EC8-82B3-4769-9B36-8B1D13FAE5A2}.Release|x64.Build.0 = Release|x64
		{F71D3EC8-82B3-4769-9B36-8B1D13FAE5A2}.Release|x86.ActiveCfg = Release|Win32
		{F71D3EC8-82B3-4769-9B36-8B1D13FAE5A2}.Release|x86.Build.0 = Release|Win32
		{7608B4EA-48E1-4266-8438-CB96E3F37FD8}.Debug|x64.ActiveCfg = Debug|x64
		{7608B4EA-48E1-4266-8438-CB96E3F37FD8}.Debug|x64.Build.0 = Debug|x64
		{7608B4EA-48E1-4266-8438-CB96E3F37FD8}.Debug|x86.ActiveCfg = Debug|Win32
		{7608B4EA-48E1-4266-8438-CB96E3F37FD8}.Debug|x86.Build.0 = Debug|Win32
		{7608B4EA-48E1-4266-8438-CB96E3F37FD8}.Release|x64.ActiveCfg = Release|x64
		{7608B4EA-48E1-4266-8438-CB96E3F37FD8}.Release|x64.Build.0 = Release|x64
		{7608B4EA-48E1-4266-8438-CB96E3F37FD8}.Release|x86.ActiveCfg = Release|Win32
		{7608B4EA-48E1-4266-8438-CB96E3F37FD8}.Release|x86.Build.0 = Release|Win32
		{A34E6A9F-8728-44D9-B7C8-A23D0983CEC3}.Debug|x64.ActiveCfg = Debug|x64
		{A34E6A9F-8728-44D9-B7C8-A23D0983CEC3}.Debug|x64.Build.0 = Debug|x64
		{A34E6A9F-8728-44D9-B7C8-A23D0983CEC3}.Debug|x86.ActiveCfg = Debug|Win32
		{A34E6A9F-8728-44D9-B7C8-A23D0983CEC3}.Debug|x86.Build.0 = Debug|Win32
		{A34E6A9F-8728-44D9-B7C8-A23D0983CEC3}.Release|x64.ActiveCfg = Release|x64
		{A34E6A9F-8728-44D9-B7C8-A23D0983CEC3}.Release|x64.Build.0 = Release|x64
		{A34E6A9F-8728-44D9-B7C8-A23D0983CEC3}.Release|x86.ActiveCfg = Release|Win32
		{A34E6A9F-8728-44D9-B7C8-A23D0983CEC3}.Release|x86.Build.0 = Release|Win32
		{899ED126-B114-45DC-9F12-ACA8B93F1131}.Debug|x64.ActiveCfg = Debug|x64
		{899ED126-B114-45DC-9F12-ACA8B93F1131}.Debug|x64.Build.0 = Debug|x64
		{899ED126-B114-45DC-9F12-ACA8B93F1131}.Debug|x86.ActiveCfg = Debug|Win32
		{899ED126-B114-45DC-9F12-ACA8B93F1131}.Debug|x86.Build.0 = Debug|Win32
		{899ED126-B114-45DC-9F12-ACA8B93F1131}.Release|x64.ActiveCfg = Release|x64
		{899ED126-B114-45DC-9F12-ACA8B93F1131}.Release|x64.Build.0 = Release|x64
		{899ED126-B114-45DC-9F12-ACA8B93F1131}.Release|x86.ActiveCfg = Release|Win32
		{899ED126-B114-45DC-9F12-ACA8B93F1131}.Release|x86.Build.0 = Release|Win32
		{47A947E5-D544-453C-A8A5-5E79F11C6C94}.Debug|x64.ActiveCfg = Debug|x64
		{47A947E5-D544-453C-A8A5-5E79F11C6C94}.Debug|x64.Build.0 = Debug|x64
		{47A947E5-D544-453C-A8A5-5E79F11C6C94}.Debug|x86.ActiveCfg = Debug|Win32
		{47A947E5-D544-453C-A8A5-5E79F11C6C94}.Debug|x86.Build.0 = Debug|Win32
		{47A947E5-D544-453C-A8A5-5E79F11C6C94}.Release|x64.ActiveCfg = Release|x64
		{47A947E5-D544-453C-A8A5-5E79F11C6C94}.Release|x64.Build.0 = Release|x64
		{47A947E5-D544-453C-A8A5-5E79F11C6C94}.Release|x86.ActiveCfg = Release|Win32
		{47A947E5-D544-453C-A8A5-5E79F11C6C94}.Release|x86.Build.0 = Release|Win32
		{79818812-0F98-4022-8C92-E937E98E8C58}.Debug|x64.ActiveCfg = Debug|x64
		{79818812-0F98-4022-8C92-E937E98E8C58}.Debug|x64.Build.0 = Debug|x64
		{79818812-0F98-4022-8C92-E937E98E8C58}.Debug|x86.ActiveCfg = Debug|Win32
		{79818812-0F98-4022-8C92-E937E98E8C58}.Debug|x86.Build.0 = Debug|Win32
		{79818812-0F98-4022-8C92-E937E98E8C58}.Release|x64.ActiveCfg = Release|x64
		{79818812-0F98-4022-8C92-E937E98E8C58}.Release|x64.Build.0 = Release|x64
		{79818812-0F98-4022-8C92-E937E98E8C58}.Release|x86.ActiveCfg = Release|Win32
		{79818812-0F98-4022-8C92-E937E98E8C58}.Release|x86.Build.0 = Release|Win32
		{5BE542E2-52ED-4FF2-8244-9DEB056F0E79}.Debug|x64.ActiveCfg = Debug|x64
		{5BE542E2-52ED-4FF2-8244-9DEB056F0E79}.Debug|x64.Build.0 = Debug|x64
		{5BE542E2-52ED-4FF2-8244-9DEB056F0E79}.Debug|x86.ActiveCfg = Debug|Win32
		{5BE542E2-52ED-4FF2-8244-9DEB056F0E79}.Debug|x86.Build.0 = Debug|Win32
		{5BE542E2-52ED-4FF2-8244-9DEB056F0E79}.Release|x64.ActiveCfg = Release|x64
		{5BE542E2-52ED-4FF2-8244-9DEB056F0E79}.Release|x64.Build.0 = Release|x64
		{5BE542E2-52ED-4FF2-8244-9DEB056F0E79}.Release|x86.ActiveCfg = Release|Win32
		{5BE542E2-52ED-4FF2-8244-9DEB056F0E79}.Release|x86.Build.0 = Release|Win32
		{5BE7E3E4-1839-4393-A00D-251DA0EB4D27}.Debug|x64.ActiveCfg = Debug|x64
		{5BE7E3E4-1839-4393-A00D-251DA0EB4D27}.Debug|x64.Build.0 = Debug|x64
		{5BE7E3E4-1839-4393-A00D-251DA0EB4D27}.Debug|x86.ActiveCfg = Debug|Win32
		{5BE7E3E4-1839-4393-A00D-251DA0EB4D27}.Debug|x86.Build.0 = Debug|Win32
		{5BE7E3E4-1839-4393-A00D-251DA0EB4D27}.Release|x64.ActiveCfg = Release|x64
		{5BE7E3E4-1839-4393-A00D-251DA0EB4D27}.Release|x64.Build.0 = Release|x64
		{5BE7E3E4-1839-4393-A00D-251DA0EB4D27}.Release|x86.ActiveCfg = Release|Win32
		{5BE7E3E4-1839-4393-A00D-251DA0EB4D27}.Release|x86.Build.0 = Release|Win32
		{B44B3168-6BAD-485E-9A65-B40E7B39F6A4}.Debug|x64.ActiveCfg = Debug|x64
		{B44B3168-6BAD-485E-9A65-B40E7B39F6A4}.Debug|x64.Build.0 = Debug|x64
		{B44B3168-6BAD-485E-9A65-B40E7B39F6A4}.Debug|x86.ActiveCfg = Debug|Win32
		{B44B3168-6BAD-485E-9A65-B40E7B39F6A4}.Debug|x86.Build.0 = Debug|Win32
		{B44B3168-6BAD-485E-9A65-B40E7B39F6A4}.Release|x64.ActiveCfg = Release|x64
		{B44B3168-6BAD-485E-9A65-B40E7B39F6A4}.Release|x64.Build.0 = Release|x64
		{B44B3168-6BAD-485E-9A65-B40E7B39F6A4}.Release|x86.ActiveCfg = Release|Win32
		{B44B3168-6BAD-485E-9A65-B40E7B39F6A4}.Release|x86.Build.0 = Release|Win32
		{0B8E9684-00B0-4AAD-B7F7-B11A7E31D823}.Debug|x64.ActiveCfg = Debug|x64
		{0B8E9684-00B0-4AAD-B7F7-B11A7E31D823}.Debug|x64.Build.0 = Debug|x64
		{0B8E9684-00B0-4AAD-B7F7-B11A7E31D823}.Debug|x86.ActiveCfg = Debug|Win32
		{0B8E9684-00B0-4AAD-B7F7-B11A7E31D823}.Debug|x86.Build.0 = Debug|Win32
		{0B8E9684-00B0-4AAD-B7F7-B11A7E31D823}.Release|x64.ActiveCfg = Release|x64
		{0B8E9684-00B0-4AAD-B7F7-B11A7E31D823}.Release|x64.Build.0 = Release|x64
		{0B8E9684-00B0-4AAD-B7F7-B11A7E31D823}.Release|x86.ActiveCfg = Release|Win32
		{0B8E9684-00B0-4AAD-B7F7-B11A7E31D823}.Release|x86.Build.0 = Release|Win32
		{058DE17F-F5C0-4BAB-8B12-374270D32E7F}.Debug|x64.ActiveCfg = Debug|x64
		{058DE17F-F5C0-4BAB-8B12-374270D32E7F}.Debug|x64.Build.0 = Debug|x64
		{058DE17F-F5C0-4BAB-8B12-374270D32E7F}.Debug|x86.ActiveCfg = Debug|Win32
		{058DE17F-F5C0-4BAB-8B12-374270D32E7F}.Debug|x86.Build.0 = Debug|Win32
		{058DE17F-F5C0-4BAB-8B12-374270D32E7F}.Release|x64.ActiveCfg = Release|x64
		{058DE17F-F5C0-4BAB-8B12-374270D32E7F}.Release|x64.Build.0 = Release|x64
		{058DE17F-F5C0-4BAB-8B12-374270D32E7F}.Release|x86.ActiveCfg = Release|Win32
		{058DE17F-F5C0-4BAB-8B12-374270D32E7F}.Release|x86.Build.0 = Release|Win32
		{BBE24BDA-A2BE-462B-A57E-E16614BD454B}.Debug|x64.ActiveCfg = Debug|x64
		{BBE24BDA-A2BE-462B-A57E-E16614BD454B}.Debug|x64.Build.0 = Debug|x64
		{BBE24BDA-A2BE-462B-A57E-E16614BD454B}.Debug|x86.ActiveCfg = Debug|Win32
		{BBE24BDA-A2BE-462B-A57E-E16614BD454B}.Debug|x86.Build.0 = Debug|Win32
		{BBE24BDA-A2BE-462B-A57E-E16614BD454B}.Release|x64.ActiveCfg = Release|x64
		{BBE24BDA-A2BE-462B-A57E-E16614BD454B}.Release|x64.Build.0 = Release|x64
		{BBE24BDA-A2BE-462B-A57E-E16614BD454B}.Release|x86.ActiveCfg = Release|Win32
		{BBE24BDA-A2BE-462B-A57E-E16614BD454B}.Release|x86.Build.0 = Release|Win32
		{4BA64B87-0FFE-497A-9CD1-C6EA17ACCF58}.Debug|x64.ActiveCfg = Debug|x64
		{4BA64B87-0FFE-497A-9CD1-C6EA17ACCF58}.Debug|x64.Build.0 = Debug|x64
		{4BA64B87-0FFE-497A-9CD1-C6EA17ACCF58}.Debug|x86.ActiveCfg = Debug|Win32
		{4BA64B87-0FFE-497A-9CD1-C6EA17ACCF58}.Debug|x86.Build.0 = Debug|Win32
		{4BA64B87-0FFE-497A-9CD1-C6EA17ACCF58}.Release|x64.ActiveCfg = Release|x64
		{4BA64B87-0FFE-497A-9CD1-C6EA17ACCF58}.Release|x64.Build.0 = Release|x64
		{4BA64B87-0FFE-497A-9CD1-C6EA17ACCF58}.Release|x86.ActiveCfg = Release|Win32
		{4BA64B87-0FFE-497A-9CD1-C6EA17ACCF58}.Release|x86.Build.0 = Release|Win32
		{E261D159-13BE-4152-8CDB-B73A2EA914F9}.Debug|x64.ActiveCfg = Debug|x64
		{E261D159-13BE-4152-8CDB-B73A2EA914F9}.Debug|x64.Build.0 = Debug|x64
		{E261D159-13BE-4152-8CDB-B73A2EA914F9}.Debug|x86.ActiveCfg = Debug|Win32
		{E261D159-13BE-4152-8CDB-B73A2EA914F9}.Debug|x86.Build.0 = Debug|Win32
		{E261D159-13BE-4152-8CDB-B73A2EA914F9}.Release|x64.ActiveCfg = Release|x64
		{E261D159-13BE-4152-8CDB-B73A2EA914F9}.Release|x64.Build.0 = Release|x64
		{E261D159-13BE-4152-8CDB-B73A2EA914F9}.Release|x86.ActiveCfg = Release|Win32
		{E261D159-13BE-4152-8CDB-B73A2EA914F9}.Release|x86.Build.0 = Release|Win32
		{DE3E8A94-8876-4749-BCF3-4D641E72E9F2}.Debug|x64.ActiveCfg = Debug|x64
		{DE3E8A94-8876-4749-BCF3-4D641E72E9F2}.Debug|x64.Build.0 = Debug|x64
		{DE3E8A94-8876-4749-BCF3-4D641E72E9F2}.Debug|x86.ActiveCfg = Debug|Win32
		{DE3E8A94-8876-4749-BCF3-4D641E72E9F2}.Debug|x86.Build.0 = Debug|Win32
		{DE3E8A94-8876-4749-BCF3-4D641E72E9F2}.Release|x64.ActiveCfg = Release|x64
		{DE3E8A94-8876-4749-BCF3-4D641E72E9F2}.Release|x64.Build.0 = Release|x64
		{DE3E8A94-8876-4749-BCF3-4D641E72E9F2}.Release|x86.ActiveCfg = Release|Win32
		{DE3E8A94-8876-4749-BCF3-4D641E72E9F2}.Release|x86.Build.0 = Release|Win32
		{70A392D1-6145-42B1-AAE4-8C73B64CCE21}.Debug|x64.ActiveCfg = Debug|x64
		{70A392D1-6145-42B1-AAE4-8C73B64CCE21}.Debug|x64.Build.0 = Debug|x64
		{70A392D1-6145-42B1-AAE4-8C73B64CCE21}.Debug|x86.ActiveCfg = Debug|Win32
		{70A392D1-6145-42B1-AAE4-8C73B64CCE21}.Debug|x86.Build.0 = Debug|Win32
		{70A392D1-6145-42B1-AAE4-8C73B64CCE21}.Release|x64.ActiveCfg = Release|x64
		{70A392D1-6145-42B1-AAE4-8C73B64CCE21}.Release|x64.Build.0 = Release|x64
		{70A392D1-6145-42B1-AAE4-8C73B64CCE21}.Release|x86.ActiveCfg = Release|Win32
		{70A392D1-6145-42B1-AAE4-8C73B64CCE21}.Release|x86.Build.0 = Release|Win32
	EndGlobalSection
	GlobalSection(SolutionProperties) = preSolution
		HideSolutionNode = FALSE
	EndGlobalSection
	GlobalSection(ExtensibilityGlobals) = postSolution
		SolutionGuid = {D75C5776-D08A-4A94-8EE4-09DB4C3C88EA}
	EndGlobalSection
EndGlobal
